Microsoft Visual Studio Solution File, Format Version 12.00
# Visual Studio Version 17
VisualStudioVersion = 17.5.2.0
MinimumVisualStudioVersion = 10.0.40219.1
Project("{FAE04EC0-301F-11D3-BF4B-00C04F79EFBC}") = "GraspIt", "GraspIt.csproj", "{5E032706-A212-76CD-5DA9-3B3B19733A2B}"
EndProject
Global
	GlobalSection(SolutionConfigurationPlatforms) = preSolution
		Debug|Any CPU = Debug|Any CPU
		Release|Any CPU = Release|Any CPU
	EndGlobalSection
	GlobalSection(ProjectConfigurationPlatforms) = postSolution
		{5E032706-A212-76CD-5DA9-3B3B19733A2B}.Debug|Any CPU.ActiveCfg = Debug|Any CPU
		{5E032706-A212-76CD-5DA9-3B3B19733A2B}.Debug|Any CPU.Build.0 = Debug|Any CPU
		{5E032706-A212-76CD-5DA9-3B3B19733A2B}.Release|Any CPU.ActiveCfg = Release|Any CPU
		{5E032706-A212-76CD-5DA9-3B3B19733A2B}.Release|Any CPU.Build.0 = Release|Any CPU
	EndGlobalSection
	GlobalSection(SolutionProperties) = preSolution
		HideSolutionNode = FALSE
	EndGlobalSection
	GlobalSection(ExtensibilityGlobals) = postSolution
		SolutionGuid = {489BF617-68AF-4378-840A-1ECA7C0A5698}
	EndGlobalSection
EndGlobal
